
Microsoft Visual Studio Solution File, Format Version 12.00
# Visual Studio 15
VisualStudioVersion = 15.0.28307.572
MinimumVisualStudioVersion = 10.0.40219.1
Project("{FAE04EC0-301F-11D3-BF4B-00C04F79EFBC}") = "WindowsHide", "WindowsHide\WindowsHide.csproj", "{43CC22BB-2A71-4725-84A5-A8777D4321A7}"
EndProject
Global
	GlobalSection(SolutionConfigurationPlatforms) = preSolution
		Debug|Any CPU = Debug|Any CPU
		Release|Any CPU = Release|Any CPU
	EndGlobalSection
	GlobalSection(ProjectConfigurationPlatforms) = postSolution
		{43CC22BB-2A71-4725-84A5-A8777D4321A7}.Debug|Any CPU.ActiveCfg = Debug|Any CPU
		{43CC22BB-2A71-4725-84A5-A8777D4321A7}.Debug|Any CPU.Build.0 = Debug|Any CPU
		{43CC22BB-2A71-4725-84A5-A8777D4321A7}.Release|Any CPU.ActiveCfg = Release|Any CPU
		{43CC22BB-2A71-4725-84A5-A8777D4321A7}.Release|Any CPU.Build.0 = Release|Any CPU
	EndGlobalSection
	GlobalSection(SolutionProperties) = preSolution
		HideSolutionNode = FALSE
	EndGlobalSection
	GlobalSection(ExtensibilityGlobals) = postSolution
		SolutionGuid = {C4FC9329-6CB6-4F23-825F-53BEB8F690CA}
	EndGlobalSection
EndGlobal
